
Microsoft Visual Studio Solution File, Format Version 12.00
# Visual Studio Version 16
VisualStudioVersion = 16.0.30804.86
MinimumVisualStudioVersion = 10.0.40219.1
Project("{9A19103F-16F7-4668-BE54-9A1E7A4F7556}") = "DataAccess", "DataAccess\DataAccess.csproj", "{7B1A788C-3E75-4F3E-93F2-48ED3C7D9065}"
EndProject
Project("{9A19103F-16F7-4668-BE54-9A1E7A4F7556}") = "Business", "Business\Business.csproj", "{378345D9-D0F3-4898-91FC-3145370E5110}"
EndProject
Project("{9A19103F-16F7-4668-BE54-9A1E7A4F7556}") = "Entities", "Entities\Entities.csproj", "{0D3967D4-C5E1-4B05-9A7A-C0B56D11E989}"
EndProject
Project("{9A19103F-16F7-4668-BE54-9A1E7A4F7556}") = "ConsoleUI", "ConsoleUI\ConsoleUI.csproj", "{92BC8359-4371-4A3E-BB35-DDD6A0194BED}"
EndProject
Project("{9A19103F-16F7-4668-BE54-9A1E7A4F7556}") = "Core", "Core\Core.csproj", "{C4D9B8C4-A73D-4E28-B122-80E739A713D8}"
EndProject
Project("{FAE04EC0-301F-11D3-BF4B-00C04F79EFBC}") = "WebAPI", "WebAPI\WebAPI.csproj", "{F4EBD573-CEB0-4E9C-B3B6-CF8398E5330E}"
EndProject
Global
	GlobalSection(SolutionConfigurationPlatforms) = preSolution
		Debug|Any CPU = Debug|Any CPU
		Release|Any CPU = Release|Any CPU
	EndGlobalSection
	GlobalSection(ProjectConfigurationPlatforms) = postSolution
		{7B1A788C-3E75-4F3E-93F2-48ED3C7D9065}.Debug|Any CPU.ActiveCfg = Debug|Any CPU
		{7B1A788C-3E75-4F3E-93F2-48ED3C7D9065}.Debug|Any CPU.Build.0 = Debug|Any CPU
		{7B1A788C-3E75-4F3E-93F2-48ED3C7D9065}.Release|Any CPU.ActiveCfg = Release|Any CPU
		{7B1A788C-3E75-4F3E-93F2-48ED3C7D9065}.Release|Any CPU.Build.0 = Release|Any CPU
		{378345D9-D0F3-4898-91FC-3145370E5110}.Debug|Any CPU.ActiveCfg = Debug|Any CPU
		{378345D9-D0F3-4898-91FC-3145370E5110}.Debug|Any CPU.Build.0 = Debug|Any CPU
		{378345D9-D0F3-4898-91FC-3145370E5110}.Release|Any CPU.ActiveCfg = Release|Any CPU
		{378345D9-D0F3-4898-91FC-3145370E5110}.Release|Any CPU.Build.0 = Release|Any CPU
		{0D3967D4-C5E1-4B05-9A7A-C0B56D11E989}.Debug|Any CPU.ActiveCfg = Debug|Any CPU
		{0D3967D4-C5E1-4B05-9A7A-C0B56D11E989}.Debug|Any CPU.Build.0 = Debug|Any CPU
		{0D3967D4-C5E1-4B05-9A7A-C0B56D11E989}.Release|Any CPU.ActiveCfg = Release|Any CPU
		{0D3967D4-C5E1-4B05-9A7A-C0B56D11E989}.Release|Any CPU.Build.0 = Release|Any CPU
		{92BC8359-4371-4A3E-BB35-DDD6A0194BED}.Debug|Any CPU.ActiveCfg = Debug|Any CPU
		{92BC8359-4371-4A3E-BB35-DDD6A0194BED}.Debug|Any CPU.Build.0 = Debug|Any CPU
		{92BC8359-4371-4A3E-BB35-DDD6A0194BED}.Release|Any CPU.ActiveCfg = Release|Any CPU
		{92BC8359-4371-4A3E-BB35-DDD6A0194BED}.Release|Any CPU.Build.0 = Release|Any CPU
		{C4D9B8C4-A73D-4E28-B122-80E739A713D8}.Debug|Any CPU.ActiveCfg = Debug|Any CPU
		{C4D9B8C4-A73D-4E28-B122-80E739A713D8}.Debug|Any CPU.Build.0 = Debug|Any CPU
		{C4D9B8C4-A73D-4E28-B122-80E739A713D8}.Release|Any CPU.ActiveCfg = Release|Any CPU
		{C4D9B8C4-A73D-4E28-B122-80E739A713D8}.Release|Any CPU.Build.0 = Release|Any CPU
		{F4EBD573-CEB0-4E9C-B3B6-CF8398E5330E}.Debug|Any CPU.ActiveCfg = Debug|Any CPU
		{F4EBD573-CEB0-4E9C-B3B6-CF8398E5330E}.Debug|Any CPU.Build.0 = Debug|Any CPU
		{F4EBD573-CEB0-4E9C-B3B6-CF8398E5330E}.Release|Any CPU.ActiveCfg = Release|Any CPU
		{F4EBD573-CEB0-4E9C-B3B6-CF8398E5330E}.Release|Any CPU.Build.0 = Release|Any CPU
	EndGlobalSection
	GlobalSection(SolutionProperties) = preSolution
		HideSolutionNode = FALSE
	EndGlobalSection
	GlobalSection(ExtensibilityGlobals) = postSolution
		SolutionGuid = {FF7A3C07-B86D-490A-A6E8-84DE7827681C}
	EndGlobalSection
EndGlobal
